// !$*UTF8*$!
{
	archiveVersion = 1;
	classes = {
	};
	objectVersion = 46;
	objects = {

/* Begin PBXBuildFile section */
		85EFF9E35C204A08E736FAD2 /* Pods_Request_RequestTests.framework in Frameworks */ = {isa = PBXBuildFile; fileRef = 726F1BB2EB7E2FC284E80130 /* Pods_Request_RequestTests.framework */; };
		A2269F041C56F6640062BB50 /* UnknownError.swift in Sources */ = {isa = PBXBuildFile; fileRef = A2269F031C56F6640062BB50 /* UnknownError.swift */; };
		A23200581C656E3100AB4ED3 /* Request.swift in Sources */ = {isa = PBXBuildFile; fileRef = A23200571C656E3100AB4ED3 /* Request.swift */; };
		A232005A1C656E8500AB4ED3 /* Url.swift in Sources */ = {isa = PBXBuildFile; fileRef = A23200591C656E8500AB4ED3 /* Url.swift */; };
		A232005C1C656ED000AB4ED3 /* Configuration.swift in Sources */ = {isa = PBXBuildFile; fileRef = A232005B1C656ED000AB4ED3 /* Configuration.swift */; };
		A232005E1C65737C00AB4ED3 /* QueryItem.swift in Sources */ = {isa = PBXBuildFile; fileRef = A232005D1C65737C00AB4ED3 /* QueryItem.swift */; };
		A23200621C664FF900AB4ED3 /* _RequestBuilder.swift in Sources */ = {isa = PBXBuildFile; fileRef = A23200611C664FF900AB4ED3 /* _RequestBuilder.swift */; };
		A23200641C66540A00AB4ED3 /* Request+FoundationRequest.swift in Sources */ = {isa = PBXBuildFile; fileRef = A23200631C66540A00AB4ED3 /* Request+FoundationRequest.swift */; };
		A2856A611C516481004B319D /* Response.swift in Sources */ = {isa = PBXBuildFile; fileRef = A2856A601C516481004B319D /* Response.swift */; };
		A2856A651C51740F004B319D /* ResponseCodes.swift in Sources */ = {isa = PBXBuildFile; fileRef = A2856A641C51740F004B319D /* ResponseCodes.swift */; };
		A2856A671C517DA5004B319D /* ResponseError.swift in Sources */ = {isa = PBXBuildFile; fileRef = A2856A661C517DA5004B319D /* ResponseError.swift */; };
		A2856A731C56818F004B319D /* TaskDelegate+Events.swift in Sources */ = {isa = PBXBuildFile; fileRef = A2856A721C56818F004B319D /* TaskDelegate+Events.swift */; };
		A2856A771C56CF4C004B319D /* Logging.swift in Sources */ = {isa = PBXBuildFile; fileRef = A2856A761C56CF4C004B319D /* Logging.swift */; };
		A28646AD1C515AC900985C4D /* Request.h in Headers */ = {isa = PBXBuildFile; fileRef = A28646AC1C515AC900985C4D /* Request.h */; settings = {ATTRIBUTES = (Public, ); }; };
		A28646B51C515B3100985C4D /* Request.podspec in Resources */ = {isa = PBXBuildFile; fileRef = A28646B41C515B3100985C4D /* Request.podspec */; };
		A28646B71C515BBC00985C4D /* Request+Builder.swift in Sources */ = {isa = PBXBuildFile; fileRef = A28646B61C515BBC00985C4D /* Request+Builder.swift */; };
		A28646B91C515C1900985C4D /* QueryValueConvertible.swift in Sources */ = {isa = PBXBuildFile; fileRef = A28646B81C515C1900985C4D /* QueryValueConvertible.swift */; };
		A28646BC1C515D2100985C4D /* Method.swift in Sources */ = {isa = PBXBuildFile; fileRef = A28646BB1C515D2100985C4D /* Method.swift */; };
		A28646BE1C515D3D00985C4D /* QueryItems.swift in Sources */ = {isa = PBXBuildFile; fileRef = A28646BD1C515D3D00985C4D /* QueryItems.swift */; };
		A28646C01C515F9B00985C4D /* FailedTask.swift in Sources */ = {isa = PBXBuildFile; fileRef = A28646BF1C515F9B00985C4D /* FailedTask.swift */; };
		A28646C21C515FFA00985C4D /* TaskDelegate.swift in Sources */ = {isa = PBXBuildFile; fileRef = A28646C11C515FFA00985C4D /* TaskDelegate.swift */; };
		A28646C61C51603A00985C4D /* _RequestBuilder+Url.swift in Sources */ = {isa = PBXBuildFile; fileRef = A28646C51C51603A00985C4D /* _RequestBuilder+Url.swift */; };
		A28646CE1C5160A300985C4D /* RequestTests.swift in Sources */ = {isa = PBXBuildFile; fileRef = A28646CD1C5160A300985C4D /* RequestTests.swift */; };
		A28646D01C5160A300985C4D /* Request.framework in Frameworks */ = {isa = PBXBuildFile; fileRef = A28646A91C515AC900985C4D /* Request.framework */; };
		A2DACB5B1C66A33100B857A9 /* _RequestBuilder+Configuration.swift in Sources */ = {isa = PBXBuildFile; fileRef = A2DACB5A1C66A33100B857A9 /* _RequestBuilder+Configuration.swift */; };
		A2DACB5E1C66C33700B857A9 /* Callbacks.swift in Sources */ = {isa = PBXBuildFile; fileRef = A2DACB5D1C66C33700B857A9 /* Callbacks.swift */; };
		A2DACB601C66C36E00B857A9 /* Callbacks+Reporting.swift in Sources */ = {isa = PBXBuildFile; fileRef = A2DACB5F1C66C36E00B857A9 /* Callbacks+Reporting.swift */; };
		A2DACB621C66C38C00B857A9 /* Callbacks+ConvenienceMethods.swift in Sources */ = {isa = PBXBuildFile; fileRef = A2DACB611C66C38C00B857A9 /* Callbacks+ConvenienceMethods.swift */; };
		A2DACB641C66CEB900B857A9 /* _RequestBuilder+Callbacks.swift in Sources */ = {isa = PBXBuildFile; fileRef = A2DACB631C66CEB900B857A9 /* _RequestBuilder+Callbacks.swift */; };
		CFE3A66F3105751F05C10B52 /* Pods_Request.framework in Frameworks */ = {isa = PBXBuildFile; fileRef = C6AA715F266016648593AF6A /* Pods_Request.framework */; };
/* End PBXBuildFile section */

/* Begin PBXContainerItemProxy section */
		A28646D11C5160A300985C4D /* PBXContainerItemProxy */ = {
			isa = PBXContainerItemProxy;
			containerPortal = A28646A01C515AC900985C4D /* Project object */;
			proxyType = 1;
			remoteGlobalIDString = A28646A81C515AC900985C4D;
			remoteInfo = Request;
		};
/* End PBXContainerItemProxy section */

/* Begin PBXFileReference section */
		726F1BB2EB7E2FC284E80130 /* Pods_Request_RequestTests.framework */ = {isa = PBXFileReference; explicitFileType = wrapper.framework; includeInIndex = 0; path = Pods_Request_RequestTests.framework; sourceTree = BUILT_PRODUCTS_DIR; };
		983D79BE3B4F014FB58C10FB /* Pods.framework */ = {isa = PBXFileReference; explicitFileType = wrapper.framework; includeInIndex = 0; path = Pods.framework; sourceTree = BUILT_PRODUCTS_DIR; };
		A2269F031C56F6640062BB50 /* UnknownError.swift */ = {isa = PBXFileReference; fileEncoding = 4; lastKnownFileType = sourcecode.swift; path = UnknownError.swift; sourceTree = "<group>"; };
		A23200571C656E3100AB4ED3 /* Request.swift */ = {isa = PBXFileReference; fileEncoding = 4; lastKnownFileType = sourcecode.swift; path = Request.swift; sourceTree = "<group>"; };
		A23200591C656E8500AB4ED3 /* Url.swift */ = {isa = PBXFileReference; fileEncoding = 4; lastKnownFileType = sourcecode.swift; path = Url.swift; sourceTree = "<group>"; };
		A232005B1C656ED000AB4ED3 /* Configuration.swift */ = {isa = PBXFileReference; fileEncoding = 4; lastKnownFileType = sourcecode.swift; path = Configuration.swift; sourceTree = "<group>"; };
		A232005D1C65737C00AB4ED3 /* QueryItem.swift */ = {isa = PBXFileReference; fileEncoding = 4; lastKnownFileType = sourcecode.swift; path = QueryItem.swift; sourceTree = "<group>"; };
		A23200611C664FF900AB4ED3 /* _RequestBuilder.swift */ = {isa = PBXFileReference; fileEncoding = 4; lastKnownFileType = sourcecode.swift; path = _RequestBuilder.swift; sourceTree = "<group>"; };
		A23200631C66540A00AB4ED3 /* Request+FoundationRequest.swift */ = {isa = PBXFileReference; fileEncoding = 4; lastKnownFileType = sourcecode.swift; path = "Request+FoundationRequest.swift"; sourceTree = "<group>"; };
		A2856A601C516481004B319D /* Response.swift */ = {isa = PBXFileReference; fileEncoding = 4; lastKnownFileType = sourcecode.swift; path = Response.swift; sourceTree = "<group>"; };
		A2856A641C51740F004B319D /* ResponseCodes.swift */ = {isa = PBXFileReference; fileEncoding = 4; lastKnownFileType = sourcecode.swift; path = ResponseCodes.swift; sourceTree = "<group>"; };
		A2856A661C517DA5004B319D /* ResponseError.swift */ = {isa = PBXFileReference; fileEncoding = 4; lastKnownFileType = sourcecode.swift; path = ResponseError.swift; sourceTree = "<group>"; };
		A2856A721C56818F004B319D /* TaskDelegate+Events.swift */ = {isa = PBXFileReference; fileEncoding = 4; lastKnownFileType = sourcecode.swift; path = "TaskDelegate+Events.swift"; sourceTree = "<group>"; };
		A2856A761C56CF4C004B319D /* Logging.swift */ = {isa = PBXFileReference; fileEncoding = 4; lastKnownFileType = sourcecode.swift; path = Logging.swift; sourceTree = "<group>"; };
		A28646A91C515AC900985C4D /* Request.framework */ = {isa = PBXFileReference; explicitFileType = wrapper.framework; includeInIndex = 0; path = Request.framework; sourceTree = BUILT_PRODUCTS_DIR; };
		A28646AC1C515AC900985C4D /* Request.h */ = {isa = PBXFileReference; lastKnownFileType = sourcecode.c.h; path = Request.h; sourceTree = "<group>"; };
		A28646AE1C515AC900985C4D /* Info.plist */ = {isa = PBXFileReference; lastKnownFileType = text.plist.xml; path = Info.plist; sourceTree = "<group>"; };
		A28646B41C515B3100985C4D /* Request.podspec */ = {isa = PBXFileReference; fileEncoding = 4; lastKnownFileType = text; path = Request.podspec; sourceTree = "<group>"; };
		A28646B61C515BBC00985C4D /* Request+Builder.swift */ = {isa = PBXFileReference; fileEncoding = 4; lastKnownFileType = sourcecode.swift; path = "Request+Builder.swift"; sourceTree = "<group>"; };
		A28646B81C515C1900985C4D /* QueryValueConvertible.swift */ = {isa = PBXFileReference; fileEncoding = 4; lastKnownFileType = sourcecode.swift; path = QueryValueConvertible.swift; sourceTree = "<group>"; };
		A28646BB1C515D2100985C4D /* Method.swift */ = {isa = PBXFileReference; fileEncoding = 4; lastKnownFileType = sourcecode.swift; path = Method.swift; sourceTree = "<group>"; };
		A28646BD1C515D3D00985C4D /* QueryItems.swift */ = {isa = PBXFileReference; fileEncoding = 4; lastKnownFileType = sourcecode.swift; path = QueryItems.swift; sourceTree = "<group>"; };
		A28646BF1C515F9B00985C4D /* FailedTask.swift */ = {isa = PBXFileReference; fileEncoding = 4; lastKnownFileType = sourcecode.swift; path = FailedTask.swift; sourceTree = "<group>"; };
		A28646C11C515FFA00985C4D /* TaskDelegate.swift */ = {isa = PBXFileReference; fileEncoding = 4; lastKnownFileType = sourcecode.swift; path = TaskDelegate.swift; sourceTree = "<group>"; };
		A28646C51C51603A00985C4D /* _RequestBuilder+Url.swift */ = {isa = PBXFileReference; fileEncoding = 4; lastKnownFileType = sourcecode.swift; path = "_RequestBuilder+Url.swift"; sourceTree = "<group>"; };
		A28646CB1C5160A300985C4D /* RequestTests.xctest */ = {isa = PBXFileReference; explicitFileType = wrapper.cfbundle; includeInIndex = 0; path = RequestTests.xctest; sourceTree = BUILT_PRODUCTS_DIR; };
		A28646CD1C5160A300985C4D /* RequestTests.swift */ = {isa = PBXFileReference; lastKnownFileType = sourcecode.swift; path = RequestTests.swift; sourceTree = "<group>"; };
		A28646CF1C5160A300985C4D /* Info.plist */ = {isa = PBXFileReference; lastKnownFileType = text.plist.xml; path = Info.plist; sourceTree = "<group>"; };
		A2DACB5A1C66A33100B857A9 /* _RequestBuilder+Configuration.swift */ = {isa = PBXFileReference; fileEncoding = 4; lastKnownFileType = sourcecode.swift; path = "_RequestBuilder+Configuration.swift"; sourceTree = "<group>"; };
		A2DACB5D1C66C33700B857A9 /* Callbacks.swift */ = {isa = PBXFileReference; fileEncoding = 4; lastKnownFileType = sourcecode.swift; path = Callbacks.swift; sourceTree = "<group>"; };
		A2DACB5F1C66C36E00B857A9 /* Callbacks+Reporting.swift */ = {isa = PBXFileReference; fileEncoding = 4; lastKnownFileType = sourcecode.swift; path = "Callbacks+Reporting.swift"; sourceTree = "<group>"; };
		A2DACB611C66C38C00B857A9 /* Callbacks+ConvenienceMethods.swift */ = {isa = PBXFileReference; fileEncoding = 4; lastKnownFileType = sourcecode.swift; path = "Callbacks+ConvenienceMethods.swift"; sourceTree = "<group>"; };
		A2DACB631C66CEB900B857A9 /* _RequestBuilder+Callbacks.swift */ = {isa = PBXFileReference; fileEncoding = 4; lastKnownFileType = sourcecode.swift; path = "_RequestBuilder+Callbacks.swift"; sourceTree = "<group>"; };
		A3CE62F8E5FC9AFC73ACDEBC /* Pods-Request.release.xcconfig */ = {isa = PBXFileReference; includeInIndex = 1; lastKnownFileType = text.xcconfig; name = "Pods-Request.release.xcconfig"; path = "Pods/Target Support Files/Pods-Request/Pods-Request.release.xcconfig"; sourceTree = "<group>"; };
		A688F169228ACF9D43BB4C42 /* Pods-Request-RequestTests.debug.xcconfig */ = {isa = PBXFileReference; includeInIndex = 1; lastKnownFileType = text.xcconfig; name = "Pods-Request-RequestTests.debug.xcconfig"; path = "Pods/Target Support Files/Pods-Request-RequestTests/Pods-Request-RequestTests.debug.xcconfig"; sourceTree = "<group>"; };
		C6AA715F266016648593AF6A /* Pods_Request.framework */ = {isa = PBXFileReference; explicitFileType = wrapper.framework; includeInIndex = 0; path = Pods_Request.framework; sourceTree = BUILT_PRODUCTS_DIR; };
		CF40C4762ABDE3974C013146 /* Pods-Request.debug.xcconfig */ = {isa = PBXFileReference; includeInIndex = 1; lastKnownFileType = text.xcconfig; name = "Pods-Request.debug.xcconfig"; path = "Pods/Target Support Files/Pods-Request/Pods-Request.debug.xcconfig"; sourceTree = "<group>"; };
		CF68795C38C06E510F8688CD /* Pods-Request-RequestTests.release.xcconfig */ = {isa = PBXFileReference; includeInIndex = 1; lastKnownFileType = text.xcconfig; name = "Pods-Request-RequestTests.release.xcconfig"; path = "Pods/Target Support Files/Pods-Request-RequestTests/Pods-Request-RequestTests.release.xcconfig"; sourceTree = "<group>"; };
/* End PBXFileReference section */

/* Begin PBXFrameworksBuildPhase section */
		A28646A51C515AC900985C4D /* Frameworks */ = {
			isa = PBXFrameworksBuildPhase;
			buildActionMask = 2147483647;
			files = (
				CFE3A66F3105751F05C10B52 /* Pods_Request.framework in Frameworks */,
			);
			runOnlyForDeploymentPostprocessing = 0;
		};
		A28646C81C5160A300985C4D /* Frameworks */ = {
			isa = PBXFrameworksBuildPhase;
			buildActionMask = 2147483647;
			files = (
				A28646D01C5160A300985C4D /* Request.framework in Frameworks */,
				85EFF9E35C204A08E736FAD2 /* Pods_Request_RequestTests.framework in Frameworks */,
			);
			runOnlyForDeploymentPostprocessing = 0;
		};
/* End PBXFrameworksBuildPhase section */

/* Begin PBXGroup section */
		A21D98EE94BCA4973AE28038 /* Frameworks */ = {
			isa = PBXGroup;
			children = (
				983D79BE3B4F014FB58C10FB /* Pods.framework */,
				C6AA715F266016648593AF6A /* Pods_Request.framework */,
				726F1BB2EB7E2FC284E80130 /* Pods_Request_RequestTests.framework */,
			);
			name = Frameworks;
			sourceTree = "<group>";
		};
		A2269F051C56F6860062BB50 /* Errors */ = {
			isa = PBXGroup;
			children = (
				A2856A661C517DA5004B319D /* ResponseError.swift */,
				A2269F031C56F6640062BB50 /* UnknownError.swift */,
			);
			path = Errors;
			sourceTree = "<group>";
		};
		A2269F061C56F69A0062BB50 /* Request */ = {
			isa = PBXGroup;
			children = (
				A2DACB591C66A03900B857A9 /* _RequestBuilder */,
				A28646B61C515BBC00985C4D /* Request+Builder.swift */,
				A23200631C66540A00AB4ED3 /* Request+FoundationRequest.swift */,
				A23200571C656E3100AB4ED3 /* Request.swift */,
			);
			path = Request;
			sourceTree = "<group>";
		};
		A2269F071C56F6AC0062BB50 /* TaskDelegate */ = {
			isa = PBXGroup;
			children = (
				A28646BF1C515F9B00985C4D /* FailedTask.swift */,
				A2856A721C56818F004B319D /* TaskDelegate+Events.swift */,
				A28646C11C515FFA00985C4D /* TaskDelegate.swift */,
			);
			path = TaskDelegate;
			sourceTree = "<group>";
		};
		A2269F081C56F7010062BB50 /* Query */ = {
			isa = PBXGroup;
			children = (
				A232005D1C65737C00AB4ED3 /* QueryItem.swift */,
				A28646BD1C515D3D00985C4D /* QueryItems.swift */,
				A28646B81C515C1900985C4D /* QueryValueConvertible.swift */,
			);
			path = Query;
			sourceTree = "<group>";
		};
		A2269F091C56F70A0062BB50 /* Response */ = {
			isa = PBXGroup;
			children = (
				A2856A601C516481004B319D /* Response.swift */,
				A2856A641C51740F004B319D /* ResponseCodes.swift */,
			);
			path = Response;
			sourceTree = "<group>";
		};
		A2269F0A1C56F7190062BB50 /* Logging */ = {
			isa = PBXGroup;
			children = (
				A2856A761C56CF4C004B319D /* Logging.swift */,
			);
			path = Logging;
			sourceTree = "<group>";
		};
		A286469F1C515AC900985C4D = {
			isa = PBXGroup;
			children = (
				A21D98EE94BCA4973AE28038 /* Frameworks */,
				CC7096BB78076A1400D9BB65 /* Pods */,
				A28646AA1C515AC900985C4D /* Products */,
				A28646AB1C515AC900985C4D /* Request */,
				A28646CC1C5160A300985C4D /* RequestTests */,
				A28646B41C515B3100985C4D /* Request.podspec */,
			);
			sourceTree = "<group>";
		};
		A28646AA1C515AC900985C4D /* Products */ = {
			isa = PBXGroup;
			children = (
				A28646A91C515AC900985C4D /* Request.framework */,
				A28646CB1C5160A300985C4D /* RequestTests.xctest */,
			);
			name = Products;
			sourceTree = "<group>";
		};
		A28646AB1C515AC900985C4D /* Request */ = {
			isa = PBXGroup;
			children = (
				A2DACB5C1C66C31C00B857A9 /* Callbacks */,
				A2DACB561C669FF000B857A9 /* Configuration */,
				A2269F051C56F6860062BB50 /* Errors */,
				A2269F0A1C56F7190062BB50 /* Logging */,
				A2DACB581C66A01A00B857A9 /* Method */,
				A2269F081C56F7010062BB50 /* Query */,
				A2269F061C56F69A0062BB50 /* Request */,
				A2269F091C56F70A0062BB50 /* Response */,
				A28646BA1C515C8000985C4D /* Supporting Files */,
				A2269F071C56F6AC0062BB50 /* TaskDelegate */,
				A2DACB551C669FE700B857A9 /* Url */,
				A28646AC1C515AC900985C4D /* Request.h */,
			);
			path = Request;
			sourceTree = "<group>";
		};
		A28646BA1C515C8000985C4D /* Supporting Files */ = {
			isa = PBXGroup;
			children = (
				A28646AE1C515AC900985C4D /* Info.plist */,
			);
			path = "Supporting Files";
			sourceTree = "<group>";
		};
		A28646CC1C5160A300985C4D /* RequestTests */ = {
			isa = PBXGroup;
			children = (
				A28646CF1C5160A300985C4D /* Info.plist */,
				A28646CD1C5160A300985C4D /* RequestTests.swift */,
			);
			path = RequestTests;
			sourceTree = "<group>";
		};
		A2DACB551C669FE700B857A9 /* Url */ = {
			isa = PBXGroup;
			children = (
				A23200591C656E8500AB4ED3 /* Url.swift */,
			);
			path = Url;
			sourceTree = "<group>";
		};
		A2DACB561C669FF000B857A9 /* Configuration */ = {
			isa = PBXGroup;
			children = (
				A232005B1C656ED000AB4ED3 /* Configuration.swift */,
			);
			path = Configuration;
			sourceTree = "<group>";
		};
		A2DACB581C66A01A00B857A9 /* Method */ = {
			isa = PBXGroup;
			children = (
				A28646BB1C515D2100985C4D /* Method.swift */,
			);
			path = Method;
			sourceTree = "<group>";
		};
		A2DACB591C66A03900B857A9 /* _RequestBuilder */ = {
			isa = PBXGroup;
			children = (
				A2DACB631C66CEB900B857A9 /* _RequestBuilder+Callbacks.swift */,
				A2DACB5A1C66A33100B857A9 /* _RequestBuilder+Configuration.swift */,
				A28646C51C51603A00985C4D /* _RequestBuilder+Url.swift */,
				A23200611C664FF900AB4ED3 /* _RequestBuilder.swift */,
			);
			path = _RequestBuilder;
			sourceTree = "<group>";
		};
		A2DACB5C1C66C31C00B857A9 /* Callbacks */ = {
			isa = PBXGroup;
			children = (
				A2DACB611C66C38C00B857A9 /* Callbacks+ConvenienceMethods.swift */,
				A2DACB5F1C66C36E00B857A9 /* Callbacks+Reporting.swift */,
				A2DACB5D1C66C33700B857A9 /* Callbacks.swift */,
			);
			path = Callbacks;
			sourceTree = "<group>";
		};
		CC7096BB78076A1400D9BB65 /* Pods */ = {
			isa = PBXGroup;
			children = (
				CF40C4762ABDE3974C013146 /* Pods-Request.debug.xcconfig */,
				A3CE62F8E5FC9AFC73ACDEBC /* Pods-Request.release.xcconfig */,
				A688F169228ACF9D43BB4C42 /* Pods-Request-RequestTests.debug.xcconfig */,
				CF68795C38C06E510F8688CD /* Pods-Request-RequestTests.release.xcconfig */,
			);
			name = Pods;
			sourceTree = "<group>";
		};
/* End PBXGroup section */

/* Begin PBXHeadersBuildPhase section */
		A28646A61C515AC900985C4D /* Headers */ = {
			isa = PBXHeadersBuildPhase;
			buildActionMask = 2147483647;
			files = (
				A28646AD1C515AC900985C4D /* Request.h in Headers */,
			);
			runOnlyForDeploymentPostprocessing = 0;
		};
/* End PBXHeadersBuildPhase section */

/* Begin PBXNativeTarget section */
		A28646A81C515AC900985C4D /* Request */ = {
			isa = PBXNativeTarget;
			buildConfigurationList = A28646B11C515AC900985C4D /* Build configuration list for PBXNativeTarget "Request" */;
			buildPhases = (
				FD0D83460A45C0DB50855BEA /* Check Pods Manifest.lock */,
				A28646A41C515AC900985C4D /* Sources */,
				A28646A51C515AC900985C4D /* Frameworks */,
				A28646A61C515AC900985C4D /* Headers */,
				A28646A71C515AC900985C4D /* Resources */,
				A4E16EA7DA35AC058E71722A /* Copy Pods Resources */,
			);
			buildRules = (
			);
			dependencies = (
			);
			name = Request;
			productName = Request;
			productReference = A28646A91C515AC900985C4D /* Request.framework */;
			productType = "com.apple.product-type.framework";
		};
		A28646CA1C5160A300985C4D /* RequestTests */ = {
			isa = PBXNativeTarget;
			buildConfigurationList = A28646D51C5160A300985C4D /* Build configuration list for PBXNativeTarget "RequestTests" */;
			buildPhases = (
				F3C31EE4F5380EDCBA6E600C /* Check Pods Manifest.lock */,
				A28646C71C5160A300985C4D /* Sources */,
				A28646C81C5160A300985C4D /* Frameworks */,
				A28646C91C5160A300985C4D /* Resources */,
				D5A4E96A2A8977438535CC8B /* Embed Pods Frameworks */,
				8AF42AF047FB6D9D700C45A0 /* Copy Pods Resources */,
			);
			buildRules = (
			);
			dependencies = (
				A28646D21C5160A300985C4D /* PBXTargetDependency */,
			);
			name = RequestTests;
			productName = RequestTests;
			productReference = A28646CB1C5160A300985C4D /* RequestTests.xctest */;
			productType = "com.apple.product-type.bundle.unit-test";
		};
/* End PBXNativeTarget section */

/* Begin PBXProject section */
		A28646A01C515AC900985C4D /* Project object */ = {
			isa = PBXProject;
			attributes = {
				LastSwiftUpdateCheck = 0720;
				LastUpgradeCheck = 0720;
				ORGANIZATIONNAME = "Brad Hilton";
				TargetAttributes = {
					A28646A81C515AC900985C4D = {
						CreatedOnToolsVersion = 7.2;
					};
					A28646CA1C5160A300985C4D = {
						CreatedOnToolsVersion = 7.2;
					};
				};
			};
			buildConfigurationList = A28646A31C515AC900985C4D /* Build configuration list for PBXProject "Request" */;
			compatibilityVersion = "Xcode 3.2";
			developmentRegion = English;
			hasScannedForEncodings = 0;
			knownRegions = (
				en,
			);
			mainGroup = A286469F1C515AC900985C4D;
			productRefGroup = A28646AA1C515AC900985C4D /* Products */;
			projectDirPath = "";
			projectRoot = "";
			targets = (
				A28646A81C515AC900985C4D /* Request */,
				A28646CA1C5160A300985C4D /* RequestTests */,
			);
		};
/* End PBXProject section */

/* Begin PBXResourcesBuildPhase section */
		A28646A71C515AC900985C4D /* Resources */ = {
			isa = PBXResourcesBuildPhase;
			buildActionMask = 2147483647;
			files = (
				A28646B51C515B3100985C4D /* Request.podspec in Resources */,
			);
			runOnlyForDeploymentPostprocessing = 0;
		};
		A28646C91C5160A300985C4D /* Resources */ = {
			isa = PBXResourcesBuildPhase;
			buildActionMask = 2147483647;
			files = (
			);
			runOnlyForDeploymentPostprocessing = 0;
		};
/* End PBXResourcesBuildPhase section */

/* Begin PBXShellScriptBuildPhase section */
		8AF42AF047FB6D9D700C45A0 /* Copy Pods Resources */ = {
			isa = PBXShellScriptBuildPhase;
			buildActionMask = 2147483647;
			files = (
			);
			inputPaths = (
			);
			name = "Copy Pods Resources";
			outputPaths = (
			);
			runOnlyForDeploymentPostprocessing = 0;
			shellPath = /bin/sh;
			shellScript = "\"${SRCROOT}/Pods/Target Support Files/Pods-Request-RequestTests/Pods-Request-RequestTests-resources.sh\"\n";
			showEnvVarsInLog = 0;
		};
		A4E16EA7DA35AC058E71722A /* Copy Pods Resources */ = {
			isa = PBXShellScriptBuildPhase;
			buildActionMask = 2147483647;
			files = (
			);
			inputPaths = (
			);
			name = "Copy Pods Resources";
			outputPaths = (
			);
			runOnlyForDeploymentPostprocessing = 0;
			shellPath = /bin/sh;
			shellScript = "\"${SRCROOT}/Pods/Target Support Files/Pods-Request/Pods-Request-resources.sh\"\n";
			showEnvVarsInLog = 0;
		};
		D5A4E96A2A8977438535CC8B /* Embed Pods Frameworks */ = {
			isa = PBXShellScriptBuildPhase;
			buildActionMask = 2147483647;
			files = (
			);
			inputPaths = (
			);
			name = "Embed Pods Frameworks";
			outputPaths = (
			);
			runOnlyForDeploymentPostprocessing = 0;
			shellPath = /bin/sh;
			shellScript = "\"${SRCROOT}/Pods/Target Support Files/Pods-Request-RequestTests/Pods-Request-RequestTests-frameworks.sh\"\n";
			showEnvVarsInLog = 0;
		};
		F3C31EE4F5380EDCBA6E600C /* Check Pods Manifest.lock */ = {
			isa = PBXShellScriptBuildPhase;
			buildActionMask = 2147483647;
			files = (
			);
			inputPaths = (
			);
			name = "Check Pods Manifest.lock";
			outputPaths = (
			);
			runOnlyForDeploymentPostprocessing = 0;
			shellPath = /bin/sh;
			shellScript = "diff \"${PODS_ROOT}/../Podfile.lock\" \"${PODS_ROOT}/Manifest.lock\" > /dev/null\nif [[ $? != 0 ]] ; then\n    cat << EOM\nerror: The sandbox is not in sync with the Podfile.lock. Run 'pod install' or update your CocoaPods installation.\nEOM\n    exit 1\nfi\n";
			showEnvVarsInLog = 0;
		};
		FD0D83460A45C0DB50855BEA /* Check Pods Manifest.lock */ = {
			isa = PBXShellScriptBuildPhase;
			buildActionMask = 2147483647;
			files = (
			);
			inputPaths = (
			);
			name = "Check Pods Manifest.lock";
			outputPaths = (
			);
			runOnlyForDeploymentPostprocessing = 0;
			shellPath = /bin/sh;
			shellScript = "diff \"${PODS_ROOT}/../Podfile.lock\" \"${PODS_ROOT}/Manifest.lock\" > /dev/null\nif [[ $? != 0 ]] ; then\n    cat << EOM\nerror: The sandbox is not in sync with the Podfile.lock. Run 'pod install' or update your CocoaPods installation.\nEOM\n    exit 1\nfi\n";
			showEnvVarsInLog = 0;
		};
/* End PBXShellScriptBuildPhase section */

/* Begin PBXSourcesBuildPhase section */
		A28646A41C515AC900985C4D /* Sources */ = {
			isa = PBXSourcesBuildPhase;
			buildActionMask = 2147483647;
			files = (
				A2856A731C56818F004B319D /* TaskDelegate+Events.swift in Sources */,
				A2DACB601C66C36E00B857A9 /* Callbacks+Reporting.swift in Sources */,
				A28646C61C51603A00985C4D /* _RequestBuilder+Url.swift in Sources */,
				A2DACB5B1C66A33100B857A9 /* _RequestBuilder+Configuration.swift in Sources */,
				A2DACB621C66C38C00B857A9 /* Callbacks+ConvenienceMethods.swift in Sources */,
				A2856A671C517DA5004B319D /* ResponseError.swift in Sources */,
				A2856A651C51740F004B319D /* ResponseCodes.swift in Sources */,
				A28646B91C515C1900985C4D /* QueryValueConvertible.swift in Sources */,
				A2856A611C516481004B319D /* Response.swift in Sources */,
				A28646C21C515FFA00985C4D /* TaskDelegate.swift in Sources */,
				A232005C1C656ED000AB4ED3 /* Configuration.swift in Sources */,
				A232005E1C65737C00AB4ED3 /* QueryItem.swift in Sources */,
				A28646B71C515BBC00985C4D /* Request+Builder.swift in Sources */,
				A28646BC1C515D2100985C4D /* Method.swift in Sources */,
				A23200641C66540A00AB4ED3 /* Request+FoundationRequest.swift in Sources */,
				A23200581C656E3100AB4ED3 /* Request.swift in Sources */,
				A23200621C664FF900AB4ED3 /* _RequestBuilder.swift in Sources */,
				A2DACB5E1C66C33700B857A9 /* Callbacks.swift in Sources */,
				A2269F041C56F6640062BB50 /* UnknownError.swift in Sources */,
				A2DACB641C66CEB900B857A9 /* _RequestBuilder+Callbacks.swift in Sources */,
				A28646BE1C515D3D00985C4D /* QueryItems.swift in Sources */,
				A28646C01C515F9B00985C4D /* FailedTask.swift in Sources */,
				A2856A771C56CF4C004B319D /* Logging.swift in Sources */,
				A232005A1C656E8500AB4ED3 /* Url.swift in Sources */,
			);
			runOnlyForDeploymentPostprocessing = 0;
		};
		A28646C71C5160A300985C4D /* Sources */ = {
			isa = PBXSourcesBuildPhase;
			buildActionMask = 2147483647;
			files = (
				A28646CE1C5160A300985C4D /* RequestTests.swift in Sources */,
			);
			runOnlyForDeploymentPostprocessing = 0;
		};
/* End PBXSourcesBuildPhase section */

/* Begin PBXTargetDependency section */
		A28646D21C5160A300985C4D /* PBXTargetDependency */ = {
			isa = PBXTargetDependency;
			target = A28646A81C515AC900985C4D /* Request */;
			targetProxy = A28646D11C5160A300985C4D /* PBXContainerItemProxy */;
		};
/* End PBXTargetDependency section */

/* Begin XCBuildConfiguration section */
		A28646AF1C515AC900985C4D /* Debug */ = {
			isa = XCBuildConfiguration;
			buildSettings = {
				ALWAYS_SEARCH_USER_PATHS = NO;
				CLANG_CXX_LANGUAGE_STANDARD = "gnu++0x";
				CLANG_CXX_LIBRARY = "libc++";
				CLANG_ENABLE_MODULES = YES;
				CLANG_ENABLE_OBJC_ARC = YES;
				CLANG_WARN_BOOL_CONVERSION = YES;
				CLANG_WARN_CONSTANT_CONVERSION = YES;
				CLANG_WARN_DIRECT_OBJC_ISA_USAGE = YES_ERROR;
				CLANG_WARN_EMPTY_BODY = YES;
				CLANG_WARN_ENUM_CONVERSION = YES;
				CLANG_WARN_INT_CONVERSION = YES;
				CLANG_WARN_OBJC_ROOT_CLASS = YES_ERROR;
				CLANG_WARN_UNREACHABLE_CODE = YES;
				CLANG_WARN__DUPLICATE_METHOD_MATCH = YES;
				"CODE_SIGN_IDENTITY[sdk=iphoneos*]" = "iPhone Developer";
				COPY_PHASE_STRIP = NO;
				CURRENT_PROJECT_VERSION = 1;
				DEBUG_INFORMATION_FORMAT = dwarf;
				ENABLE_STRICT_OBJC_MSGSEND = YES;
				ENABLE_TESTABILITY = YES;
				GCC_C_LANGUAGE_STANDARD = gnu99;
				GCC_DYNAMIC_NO_PIC = NO;
				GCC_NO_COMMON_BLOCKS = YES;
				GCC_OPTIMIZATION_LEVEL = 0;
				GCC_PREPROCESSOR_DEFINITIONS = (
					"DEBUG=1",
					"$(inherited)",
				);
				GCC_WARN_64_TO_32_BIT_CONVERSION = YES;
				GCC_WARN_ABOUT_RETURN_TYPE = YES_ERROR;
				GCC_WARN_UNDECLARED_SELECTOR = YES;
				GCC_WARN_UNINITIALIZED_AUTOS = YES_AGGRESSIVE;
				GCC_WARN_UNUSED_FUNCTION = YES;
				GCC_WARN_UNUSED_VARIABLE = YES;
				IPHONEOS_DEPLOYMENT_TARGET = 9.2;
				MTL_ENABLE_DEBUG_INFO = YES;
				ONLY_ACTIVE_ARCH = YES;
				SDKROOT = iphoneos;
				SWIFT_OPTIMIZATION_LEVEL = "-Onone";
				TARGETED_DEVICE_FAMILY = "1,2";
				VERSIONING_SYSTEM = "apple-generic";
				VERSION_INFO_PREFIX = "";
			};
			name = Debug;
		};
		A28646B01C515AC900985C4D /* Release */ = {
			isa = XCBuildConfiguration;
			buildSettings = {
				ALWAYS_SEARCH_USER_PATHS = NO;
				CLANG_CXX_LANGUAGE_STANDARD = "gnu++0x";
				CLANG_CXX_LIBRARY = "libc++";
				CLANG_ENABLE_MODULES = YES;
				CLANG_ENABLE_OBJC_ARC = YES;
				CLANG_WARN_BOOL_CONVERSION = YES;
				CLANG_WARN_CONSTANT_CONVERSION = YES;
				CLANG_WARN_DIRECT_OBJC_ISA_USAGE = YES_ERROR;
				CLANG_WARN_EMPTY_BODY = YES;
				CLANG_WARN_ENUM_CONVERSION = YES;
				CLANG_WARN_INT_CONVERSION = YES;
				CLANG_WARN_OBJC_ROOT_CLASS = YES_ERROR;
				CLANG_WARN_UNREACHABLE_CODE = YES;
				CLANG_WARN__DUPLICATE_METHOD_MATCH = YES;
				"CODE_SIGN_IDENTITY[sdk=iphoneos*]" = "iPhone Developer";
				COPY_PHASE_STRIP = NO;
				CURRENT_PROJECT_VERSION = 1;
				DEBUG_INFORMATION_FORMAT = "dwarf-with-dsym";
				ENABLE_NS_ASSERTIONS = NO;
				ENABLE_STRICT_OBJC_MSGSEND = YES;
				GCC_C_LANGUAGE_STANDARD = gnu99;
				GCC_NO_COMMON_BLOCKS = YES;
				GCC_WARN_64_TO_32_BIT_CONVERSION = YES;
				GCC_WARN_ABOUT_RETURN_TYPE = YES_ERROR;
				GCC_WARN_UNDECLARED_SELECTOR = YES;
				GCC_WARN_UNINITIALIZED_AUTOS = YES_AGGRESSIVE;
				GCC_WARN_UNUSED_FUNCTION = YES;
				GCC_WARN_UNUSED_VARIABLE = YES;
				IPHONEOS_DEPLOYMENT_TARGET = 9.2;
				MTL_ENABLE_DEBUG_INFO = NO;
				SDKROOT = iphoneos;
				TARGETED_DEVICE_FAMILY = "1,2";
				VALIDATE_PRODUCT = YES;
				VERSIONING_SYSTEM = "apple-generic";
				VERSION_INFO_PREFIX = "";
			};
			name = Release;
		};
		A28646B21C515AC900985C4D /* Debug */ = {
			isa = XCBuildConfiguration;
			baseConfigurationReference = CF40C4762ABDE3974C013146 /* Pods-Request.debug.xcconfig */;
			buildSettings = {
				CLANG_ENABLE_MODULES = YES;
				DEFINES_MODULE = YES;
				DYLIB_COMPATIBILITY_VERSION = 1;
				DYLIB_CURRENT_VERSION = 1;
				DYLIB_INSTALL_NAME_BASE = "@rpath";
				INFOPLIST_FILE = "Request/Supporting Files/Info.plist";
				INSTALL_PATH = "$(LOCAL_LIBRARY_DIR)/Frameworks";
				LD_RUNPATH_SEARCH_PATHS = "$(inherited) @executable_path/Frameworks @loader_path/Frameworks";
				PRODUCT_BUNDLE_IDENTIFIER = com.bradhilton.Request;
				PRODUCT_NAME = "$(TARGET_NAME)";
				SKIP_INSTALL = YES;
				SWIFT_OPTIMIZATION_LEVEL = "-Onone";
			};
			name = Debug;
		};
		A28646B31C515AC900985C4D /* Release */ = {
			isa = XCBuildConfiguration;
			baseConfigurationReference = A3CE62F8E5FC9AFC73ACDEBC /* Pods-Request.release.xcconfig */;
			buildSettings = {
				CLANG_ENABLE_MODULES = YES;
				DEFINES_MODULE = YES;
				DYLIB_COMPATIBILITY_VERSION = 1;
				DYLIB_CURRENT_VERSION = 1;
				DYLIB_INSTALL_NAME_BASE = "@rpath";
				INFOPLIST_FILE = "Request/Supporting Files/Info.plist";
				INSTALL_PATH = "$(LOCAL_LIBRARY_DIR)/Frameworks";
				LD_RUNPATH_SEARCH_PATHS = "$(inherited) @executable_path/Frameworks @loader_path/Frameworks";
				PRODUCT_BUNDLE_IDENTIFIER = com.bradhilton.Request;
				PRODUCT_NAME = "$(TARGET_NAME)";
				SKIP_INSTALL = YES;
			};
			name = Release;
		};
		A28646D31C5160A300985C4D /* Debug */ = {
			isa = XCBuildConfiguration;
			baseConfigurationReference = A688F169228ACF9D43BB4C42 /* Pods-Request-RequestTests.debug.xcconfig */;
			buildSettings = {
				DEFINES_MODULE = YES;
				INFOPLIST_FILE = RequestTests/Info.plist;
				LD_RUNPATH_SEARCH_PATHS = "$(inherited) @executable_path/Frameworks @loader_path/Frameworks";
				PRODUCT_BUNDLE_IDENTIFIER = com.bradhilton.RequestTests;
				PRODUCT_NAME = "$(TARGET_NAME)";
			};
			name = Debug;
		};
		A28646D41C5160A300985C4D /* Release */ = {
			isa = XCBuildConfiguration;
			baseConfigurationReference = CF68795C38C06E510F8688CD /* Pods-Request-RequestTests.release.xcconfig */;
			buildSettings = {
				DEFINES_MODULE = YES;
				INFOPLIST_FILE = RequestTests/Info.plist;
				LD_RUNPATH_SEARCH_PATHS = "$(inherited) @executable_path/Frameworks @loader_path/Frameworks";
				PRODUCT_BUNDLE_IDENTIFIER = com.bradhilton.RequestTests;
				PRODUCT_NAME = "$(TARGET_NAME)";
			};
			name = Release;
		};
/* End XCBuildConfiguration section */

/* Begin XCConfigurationList section */
		A28646A31C515AC900985C4D /* Build configuration list for PBXProject "Request" */ = {
			isa = XCConfigurationList;
			buildConfigurations = (
				A28646AF1C515AC900985C4D /* Debug */,
				A28646B01C515AC900985C4D /* Release */,
			);
			defaultConfigurationIsVisible = 0;
			defaultConfigurationName = Release;
		};
		A28646B11C515AC900985C4D /* Build configuration list for PBXNativeTarget "Request" */ = {
			isa = XCConfigurationList;
			buildConfigurations = (
				A28646B21C515AC900985C4D /* Debug */,
				A28646B31C515AC900985C4D /* Release */,
			);
			defaultConfigurationIsVisible = 0;
			defaultConfigurationName = Release;
		};
		A28646D51C5160A300985C4D /* Build configuration list for PBXNativeTarget "RequestTests" */ = {
			isa = XCConfigurationList;
			buildConfigurations = (
				A28646D31C5160A300985C4D /* Debug */,
				A28646D41C5160A300985C4D /* Release */,
			);
			defaultConfigurationIsVisible = 0;
			defaultConfigurationName = Release;
		};
/* End XCConfigurationList section */
	};
	rootObject = A28646A01C515AC900985C4D /* Project object */;
}
